
Microsoft Visual Studio Solution File, Format Version 12.00
# Visual Studio Version 16
VisualStudioVersion = 25.0.1706.11
MinimumVisualStudioVersion = 10.0.40219.1
Project("{FAE04EC0-301F-11D3-BF4B-00C04F79EFBC}") = "APBD4", "APBD4\APBD4.csproj", "{FB3D0AC5-1742-4A3F-8FC2-05C4AE2806EF}"
EndProject
Global
	GlobalSection(SolutionConfigurationPlatforms) = preSolution
		Debug|Any CPU = Debug|Any CPU
		Release|Any CPU = Release|Any CPU
	EndGlobalSection
	GlobalSection(ProjectConfigurationPlatforms) = postSolution
		{FB3D0AC5-1742-4A3F-8FC2-05C4AE2806EF}.Debug|Any CPU.ActiveCfg = Debug|Any CPU
		{FB3D0AC5-1742-4A3F-8FC2-05C4AE2806EF}.Debug|Any CPU.Build.0 = Debug|Any CPU
		{FB3D0AC5-1742-4A3F-8FC2-05C4AE2806EF}.Release|Any CPU.ActiveCfg = Release|Any CPU
		{FB3D0AC5-1742-4A3F-8FC2-05C4AE2806EF}.Release|Any CPU.Build.0 = Release|Any CPU
	EndGlobalSection
	GlobalSection(SolutionProperties) = preSolution
		HideSolutionNode = FALSE
	EndGlobalSection
	GlobalSection(ExtensibilityGlobals) = postSolution
		SolutionGuid = {898A5C7C-43FB-43B8-B85D-420DC8264426}
	EndGlobalSection
EndGlobal
